{
  "nodes": {
    "agenix": {
      "inputs": {
        "darwin": [
          "darwin"
        ],
        "home-manager": [
          "home-manager"
        ],
        "nixpkgs": [
          "nixpkgs"
        ]
      },
      "locked": {
        "lastModified": 1695384796,
        "narHash": "sha256-TYlE4B0ktPtlJJF9IFxTWrEeq+XKG8Ny0gc2FGEAdj0=",
        "owner": "ryantm",
        "repo": "agenix",
        "rev": "1f677b3e161d3bdbfd08a939e8f25de2568e0ef4",
        "type": "github"
      },
      "original": {
        "owner": "ryantm",
        "repo": "agenix",
        "type": "github"
      }
    },
    "custom-nixpkgs": {
      "inputs": {
        "fenix": "fenix",
        "nixpkgs": [
          "nixpkgs"
        ],
        "rust-manifest": "rust-manifest",
        "systems": [
          "systems"
        ]
      },
      "locked": {
        "lastModified": 1695810117,
        "narHash": "sha256-1ry/9PSBn60rKmpALbZh5TnIF92aUxgLgwkdSU6VkBI=",
        "owner": "msfjarvis",
        "repo": "custom-nixpkgs",
        "rev": "4fcd45ccfd43adbff5ffd532ae1133ef987a4a05",
        "type": "github"
      },
      "original": {
        "owner": "msfjarvis",
        "ref": "main",
        "repo": "custom-nixpkgs",
        "type": "github"
      }
    },
    "darwin": {
      "inputs": {
        "nixpkgs": [
          "nixpkgs"
        ]
      },
      "locked": {
        "lastModified": 1695424346,
        "narHash": "sha256-jkjKhxaBpS7p//l90uz9lNdVK5imVe9eo+XH6zbfrJU=",
        "owner": "LnL7",
        "repo": "nix-darwin",
        "rev": "c286b23c7fd7f0622bc4af898c91f58b8d304ff1",
        "type": "github"
      },
      "original": {
        "owner": "LnL7",
        "ref": "master",
        "repo": "nix-darwin",
        "type": "github"
      }
    },
    "dracula-micro": {
      "flake": false,
      "locked": {
        "narHash": "sha256-tLuJbEh9QPC456ykElxu1EiX7/NA4BBIzHA0Nn1icbU=",
        "type": "file",
        "url": "https://raw.githubusercontent.com/dracula/micro/master/dracula.micro"
      },
      "original": {
        "type": "file",
        "url": "https://raw.githubusercontent.com/dracula/micro/master/dracula.micro"
      }
    },
    "fenix": {
      "inputs": {
        "nixpkgs": [
          "custom-nixpkgs",
          "nixpkgs"
        ],
        "rust-analyzer-src": "rust-analyzer-src"
      },
      "locked": {
        "lastModified": 1695449989,
        "narHash": "sha256-A4KxWCgaT1BSVY99o+FZ841U/5yf5hKJmztwrBdvboM=",
        "owner": "nix-community",
        "repo": "fenix",
        "rev": "3605f6c31ac62e055c0ab0dbfa251fa96285109d",
        "type": "github"
      },
      "original": {
        "owner": "nix-community",
        "repo": "fenix",
        "type": "github"
      }
    },
    "flake-utils": {
      "inputs": {
        "systems": [
          "systems"
        ]
      },
      "locked": {
        "lastModified": 1694529238,
        "narHash": "sha256-zsNZZGTGnMOf9YpHKJqMSsa0dXbfmxeoJ7xHlrt+xmY=",
        "owner": "numtide",
        "repo": "flake-utils",
        "rev": "ff7b65b44d01cf9ba6a71320833626af21126384",
        "type": "github"
      },
      "original": {
        "owner": "numtide",
        "repo": "flake-utils",
        "type": "github"
      }
    },
    "home-manager": {
      "inputs": {
        "nixpkgs": [
          "nixpkgs"
        ]
      },
      "locked": {
        "lastModified": 1695509808,
        "narHash": "sha256-rW6kfjLLYDB9xGJwoFkSNzcmLJCcN7VcD+YnDPbEM2c=",
        "owner": "nix-community",
        "repo": "home-manager",
        "rev": "2d27bdcd640759a5fb1b48125fee7280adad95f7",
        "type": "github"
      },
      "original": {
        "owner": "nix-community",
        "ref": "master",
        "repo": "home-manager",
        "type": "github"
      }
    },
    "nix-index-database": {
      "inputs": {
        "nixpkgs": [
          "nixpkgs"
        ]
      },
      "locked": {
        "lastModified": 1695526222,
        "narHash": "sha256-/NwZz3QcVplrfiDKk1thYg1EIHLSNucVHNUi2uwO3RI=",
        "owner": "nix-community",
        "repo": "nix-index-database",
        "rev": "25d6369c232bbea1ec1f90226fd17982e7a0a647",
        "type": "github"
      },
      "original": {
        "owner": "nix-community",
        "repo": "nix-index-database",
        "type": "github"
      }
    },
    "nix-vscode-extensions": {
      "inputs": {
        "flake-compat": [],
        "flake-utils": [
          "flake-utils"
        ],
        "nixpkgs": [
          "nixpkgs"
        ]
      },
      "locked": {
        "lastModified": 1695518588,
        "narHash": "sha256-cW/v38EfYM55gAR/A8gpMlXcTYsLVgjNdWwzrzS7IwM=",
        "owner": "nix-community",
        "repo": "nix-vscode-extensions",
        "rev": "f73500100620a73957e8596ace455ea8aade7060",
        "type": "github"
      },
      "original": {
        "owner": "nix-community",
        "repo": "nix-vscode-extensions",
        "type": "github"
      }
    },
    "nixgl": {
      "inputs": {
        "flake-utils": [
          "flake-utils"
        ],
        "nixpkgs": [
          "nixpkgs"
        ]
      },
      "locked": {
        "lastModified": 1685908677,
        "narHash": "sha256-E4zUPEUFyVWjVm45zICaHRpfGepfkE9Z2OECV9HXfA4=",
        "owner": "guibou",
        "repo": "nixGL",
        "rev": "489d6b095ab9d289fe11af0219a9ff00fe87c7c5",
        "type": "github"
      },
      "original": {
        "owner": "guibou",
        "repo": "nixGL",
        "type": "github"
      }
    },
    "nixos-hardware": {
      "locked": {
        "lastModified": 1695109627,
        "narHash": "sha256-4rpyoVzmunIG6xWA/EonnSSqC69bDBzciFi6SjBze/0=",
        "owner": "NixOS",
        "repo": "nixos-hardware",
        "rev": "cb4dc98f776ddb6af165e6f06b2902efe31ca67a",
        "type": "github"
      },
      "original": {
        "owner": "NixOS",
        "ref": "master",
        "repo": "nixos-hardware",
        "type": "github"
      }
    },
    "nixos-vscode-server": {
      "inputs": {
        "flake-utils": [
          "flake-utils"
        ],
        "nixpkgs": [
          "nixpkgs"
        ]
      },
      "locked": {
        "lastModified": 1684517665,
        "narHash": "sha256-SaAr66uCQ8CF75jIr23FZjk1+9Kfwm5sQnwV25206Gs=",
        "owner": "nix-community",
        "repo": "nixos-vscode-server",
        "rev": "1e1358493df6529d4c7bc4cc3066f76fd16d4ae6",
        "type": "github"
      },
      "original": {
        "owner": "nix-community",
        "repo": "nixos-vscode-server",
        "type": "github"
      }
    },
    "nixpkgs": {
      "locked": {
        "lastModified": 1694948089,
        "narHash": "sha256-d2B282GmQ9o8klc22/Rbbbj6r99EnELQpOQjWMyv0rU=",
        "owner": "NixOS",
        "repo": "nixpkgs",
        "rev": "5148520bfab61f99fd25fb9ff7bfbb50dad3c9db",
        "type": "github"
      },
      "original": {
        "owner": "NixOS",
        "ref": "nixpkgs-unstable",
        "repo": "nixpkgs",
        "type": "github"
      }
    },
    "root": {
      "inputs": {
        "agenix": "agenix",
        "custom-nixpkgs": "custom-nixpkgs",
        "darwin": "darwin",
        "dracula-micro": "dracula-micro",
        "flake-utils": "flake-utils",
        "home-manager": "home-manager",
        "nix-index-database": "nix-index-database",
        "nix-vscode-extensions": "nix-vscode-extensions",
        "nixgl": "nixgl",
        "nixos-hardware": "nixos-hardware",
        "nixos-vscode-server": "nixos-vscode-server",
        "nixpkgs": "nixpkgs",
        "systems": "systems"
      }
    },
    "rust-analyzer-src": {
      "flake": false,
      "locked": {
        "lastModified": 1695398941,
        "narHash": "sha256-BejjVu84wXk8G1dZuu66r8kz567aAymfaiYgXpMRNqU=",
        "owner": "rust-lang",
        "repo": "rust-analyzer",
        "rev": "2b580a1f3c7bf7f2dd6d1462282362b80a6a3d91",
        "type": "github"
      },
      "original": {
        "owner": "rust-lang",
        "ref": "nightly",
        "repo": "rust-analyzer",
        "type": "github"
      }
    },
    "rust-manifest": {
      "flake": false,
      "locked": {
        "narHash": "sha256-emILH39kZmz9D2cquaobdM55EakoGkUxn1sY3r1iYNg=",
        "type": "file",
        "url": "https://static.rust-lang.org/dist/2023-07-08/channel-rust-nightly.toml"
      },
      "original": {
        "type": "file",
        "url": "https://static.rust-lang.org/dist/2023-07-08/channel-rust-nightly.toml"
      }
    },
    "systems": {
      "locked": {
        "lastModified": 1687694171,
        "narHash": "sha256-m4E0xN69qKj/oKOj8OtiZcSFpFlO8paI6E3Wo5oXDJc=",
        "owner": "msfjarvis",
        "repo": "flake-systems",
        "rev": "7876462a5f60841e8b2712ad20dc18470f448e8d",
        "type": "github"
      },
      "original": {
        "owner": "msfjarvis",
        "repo": "flake-systems",
        "type": "github"
      }
    }
  },
  "root": "root",
  "version": 7
}
